// !$*UTF8*$!
{
	archiveVersion = 1;
	classes = {
	};
	objectVersion = 46;
	objects = {

/* Begin PBXBuildFile section */
		DD93C1601D612149008A72BC /* AppDelegate.swift in Sources */ = {isa = PBXBuildFile; fileRef = DD93C15F1D612149008A72BC /* AppDelegate.swift */; };
		DD93C1651D612149008A72BC /* Main.storyboard in Resources */ = {isa = PBXBuildFile; fileRef = DD93C1631D612149008A72BC /* Main.storyboard */; };
		DD93C1671D612149008A72BC /* Assets.xcassets in Resources */ = {isa = PBXBuildFile; fileRef = DD93C1661D612149008A72BC /* Assets.xcassets */; };
		DD93C16A1D612149008A72BC /* LaunchScreen.storyboard in Resources */ = {isa = PBXBuildFile; fileRef = DD93C1681D612149008A72BC /* LaunchScreen.storyboard */; };
		DD93C1721D612284008A72BC /* JLPartialModalTransition.swift in Sources */ = {isa = PBXBuildFile; fileRef = DD93C1711D612284008A72BC /* JLPartialModalTransition.swift */; };
		DD93C1741D6160D5008A72BC /* LightStatusBarViewController.swift in Sources */ = {isa = PBXBuildFile; fileRef = DD93C1731D6160D5008A72BC /* LightStatusBarViewController.swift */; };
/* End PBXBuildFile section */

/* Begin PBXFileReference section */
		DD93C15C1D612149008A72BC /* JLPartialModalTransition.app */ = {isa = PBXFileReference; explicitFileType = wrapper.application; includeInIndex = 0; path = JLPartialModalTransition.app; sourceTree = BUILT_PRODUCTS_DIR; };
		DD93C15F1D612149008A72BC /* AppDelegate.swift */ = {isa = PBXFileReference; lastKnownFileType = sourcecode.swift; path = AppDelegate.swift; sourceTree = "<group>"; };
		DD93C1641D612149008A72BC /* Base */ = {isa = PBXFileReference; lastKnownFileType = file.storyboard; name = Base; path = Base.lproj/Main.storyboard; sourceTree = "<group>"; };
		DD93C1661D612149008A72BC /* Assets.xcassets */ = {isa = PBXFileReference; lastKnownFileType = folder.assetcatalog; path = Assets.xcassets; sourceTree = "<group>"; };
		DD93C1691D612149008A72BC /* Base */ = {isa = PBXFileReference; lastKnownFileType = file.storyboard; name = Base; path = Base.lproj/LaunchScreen.storyboard; sourceTree = "<group>"; };
		DD93C16B1D612149008A72BC /* Info.plist */ = {isa = PBXFileReference; lastKnownFileType = text.plist.xml; path = Info.plist; sourceTree = "<group>"; };
		DD93C1711D612284008A72BC /* JLPartialModalTransition.swift */ = {isa = PBXFileReference; fileEncoding = 4; lastKnownFileType = sourcecode.swift; path = JLPartialModalTransition.swift; sourceTree = "<group>"; };
		DD93C1731D6160D5008A72BC /* LightStatusBarViewController.swift */ = {isa = PBXFileReference; fileEncoding = 4; lastKnownFileType = sourcecode.swift; path = LightStatusBarViewController.swift; sourceTree = "<group>"; };
/* End PBXFileReference section */

/* Begin PBXFrameworksBuildPhase section */
		DD93C1591D612149008A72BC /* Frameworks */ = {
			isa = PBXFrameworksBuildPhase;
			buildActionMask = 2147483647;
			files = (
			);
			runOnlyForDeploymentPostprocessing = 0;
		};
/* End PBXFrameworksBuildPhase section */

/* Begin PBXGroup section */
		DD93C1531D612149008A72BC = {
			isa = PBXGroup;
			children = (
				DD93C15E1D612149008A72BC /* JLPartialModalTransition */,
				DD93C15D1D612149008A72BC /* Products */,
			);
			sourceTree = "<group>";
		};
		DD93C15D1D612149008A72BC /* Products */ = {
			isa = PBXGroup;
			children = (
				DD93C15C1D612149008A72BC /* JLPartialModalTransition.app */,
			);
			name = Products;
			sourceTree = "<group>";
		};
		DD93C15E1D612149008A72BC /* JLPartialModalTransition */ = {
			isa = PBXGroup;
			children = (
				DD93C15F1D612149008A72BC /* AppDelegate.swift */,
				DD93C1731D6160D5008A72BC /* LightStatusBarViewController.swift */,
				DD93C1711D612284008A72BC /* JLPartialModalTransition.swift */,
				DD93C1631D612149008A72BC /* Main.storyboard */,
				DD93C1661D612149008A72BC /* Assets.xcassets */,
				DD93C1681D612149008A72BC /* LaunchScreen.storyboard */,
				DD93C16B1D612149008A72BC /* Info.plist */,
			);
			path = JLPartialModalTransition;
			sourceTree = "<group>";
		};
/* End PBXGroup section */

/* Begin PBXNativeTarget section */
		DD93C15B1D612149008A72BC /* JLPartialModalTransition */ = {
			isa = PBXNativeTarget;
			buildConfigurationList = DD93C16E1D612149008A72BC /* Build configuration list for PBXNativeTarget "JLPartialModalTransition" */;
			buildPhases = (
				DD93C1581D612149008A72BC /* Sources */,
				DD93C1591D612149008A72BC /* Frameworks */,
				DD93C15A1D612149008A72BC /* Resources */,
			);
			buildRules = (
			);
			dependencies = (
			);
			name = JLPartialModalTransition;
			productName = JLPartialModalTransition;
			productReference = DD93C15C1D612149008A72BC /* JLPartialModalTransition.app */;
			productType = "com.apple.product-type.application";
		};
/* End PBXNativeTarget section */

/* Begin PBXProject section */
		DD93C1541D612149008A72BC /* Project object */ = {
			isa = PBXProject;
			attributes = {
				LastSwiftUpdateCheck = 0730;
				LastUpgradeCheck = 0730;
				ORGANIZATIONNAME = JonasLuebbers;
				TargetAttributes = {
					DD93C15B1D612149008A72BC = {
						CreatedOnToolsVersion = 7.3.1;
					};
				};
			};
			buildConfigurationList = DD93C1571D612149008A72BC /* Build configuration list for PBXProject "JLPartialModalTransition" */;
			compatibilityVersion = "Xcode 3.2";
			developmentRegion = English;
			hasScannedForEncodings = 0;
			knownRegions = (
				en,
				Base,
			);
			mainGroup = DD93C1531D612149008A72BC;
			productRefGroup = DD93C15D1D612149008A72BC /* Products */;
			projectDirPath = "";
			projectRoot = "";
			targets = (
				DD93C15B1D612149008A72BC /* JLPartialModalTransition */,
			);
		};
/* End PBXProject section */

/* Begin PBXResourcesBuildPhase section */
		DD93C15A1D612149008A72BC /* Resources */ = {
			isa = PBXResourcesBuildPhase;
			buildActionMask = 2147483647;
			files = (
				DD93C16A1D612149008A72BC /* LaunchScreen.storyboard in Resources */,
				DD93C1671D612149008A72BC /* Assets.xcassets in Resources */,
				DD93C1651D612149008A72BC /* Main.storyboard in Resources */,
			);
			runOnlyForDeploymentPostprocessing = 0;
		};
/* End PBXResourcesBuildPhase section */

/* Begin PBXSourcesBuildPhase section */
		DD93C1581D612149008A72BC /* Sources */ = {
			isa = PBXSourcesBuildPhase;
			buildActionMask = 2147483647;
			files = (
				DD93C1721D612284008A72BC /* JLPartialModalTransition.swift in Sources */,
				DD93C1601D612149008A72BC /* AppDelegate.swift in Sources */,
				DD93C1741D6160D5008A72BC /* LightStatusBarViewController.swift in Sources */,
			);
			runOnlyForDeploymentPostprocessing = 0;
		};
/* End PBXSourcesBuildPhase section */

/* Begin PBXVariantGroup section */
		DD93C1631D612149008A72BC /* Main.storyboard */ = {
			isa = PBXVariantGroup;
			children = (
				DD93C1641D612149008A72BC /* Base */,
			);
			name = Main.storyboard;
			sourceTree = "<group>";
		};
		DD93C1681D612149008A72BC /* LaunchScreen.storyboard */ = {
			isa = PBXVariantGroup;
			children = (
				DD93C1691D612149008A72BC /* Base */,
			);
			name = LaunchScreen.storyboard;
			sourceTree = "<group>";
		};
/* End PBXVariantGroup section */

/* Begin XCBuildConfiguration section */
		DD93C16C1D612149008A72BC /* Debug */ = {
			isa = XCBuildConfiguration;
			buildSettings = {
				ALWAYS_SEARCH_USER_PATHS = NO;
				CLANG_ANALYZER_NONNULL = YES;
				CLANG_CXX_LANGUAGE_STANDARD = "gnu++0x";
				CLANG_CXX_LIBRARY = "libc++";
				CLANG_ENABLE_MODULES = YES;
				CLANG_ENABLE_OBJC_ARC = YES;
				CLANG_WARN_BOOL_CONVERSION = YES;
				CLANG_WARN_CONSTANT_CONVERSION = YES;
				CLANG_WARN_DIRECT_OBJC_ISA_USAGE = YES_ERROR;
				CLANG_WARN_EMPTY_BODY = YES;
				CLANG_WARN_ENUM_CONVERSION = YES;
				CLANG_WARN_INT_CONVERSION = YES;
				CLANG_WARN_OBJC_ROOT_CLASS = YES_ERROR;
				CLANG_WARN_UNREACHABLE_CODE = YES;
				CLANG_WARN__DUPLICATE_METHOD_MATCH = YES;
				"CODE_SIGN_IDENTITY[sdk=iphoneos*]" = "iPhone Developer";
				COPY_PHASE_STRIP = NO;
				DEBUG_INFORMATION_FORMAT = dwarf;
				ENABLE_STRICT_OBJC_MSGSEND = YES;
				ENABLE_TESTABILITY = YES;
				GCC_C_LANGUAGE_STANDARD = gnu99;
				GCC_DYNAMIC_NO_PIC = NO;
				GCC_NO_COMMON_BLOCKS = YES;
				GCC_OPTIMIZATION_LEVEL = 0;
				GCC_PREPROCESSOR_DEFINITIONS = (
					"DEBUG=1",
					"$(inherited)",
				);
				GCC_WARN_64_TO_32_BIT_CONVERSION = YES;
				GCC_WARN_ABOUT_RETURN_TYPE = YES_ERROR;
				GCC_WARN_UNDECLARED_SELECTOR = YES;
				GCC_WARN_UNINITIALIZED_AUTOS = YES_AGGRESSIVE;
				GCC_WARN_UNUSED_FUNCTION = YES;
				GCC_WARN_UNUSED_VARIABLE = YES;
				IPHONEOS_DEPLOYMENT_TARGET = 9.3;
				MTL_ENABLE_DEBUG_INFO = YES;
				ONLY_ACTIVE_ARCH = YES;
				SDKROOT = iphoneos;
				SWIFT_OPTIMIZATION_LEVEL = "-Onone";
				TARGETED_DEVICE_FAMILY = "1,2";
			};
			name = Debug;
		};
		DD93C16D1D612149008A72BC /* Release */ = {
			isa = XCBuildConfiguration;
			buildSettings = {
				ALWAYS_SEARCH_USER_PATHS = NO;
				CLANG_ANALYZER_NONNULL = YES;
				CLANG_CXX_LANGUAGE_STANDARD = "gnu++0x";
				CLANG_CXX_LIBRARY = "libc++";
				CLANG_ENABLE_MODULES = YES;
				CLANG_ENABLE_OBJC_ARC = YES;
				CLANG_WARN_BOOL_CONVERSION = YES;
				CLANG_WARN_CONSTANT_CONVERSION = YES;
				CLANG_WARN_DIRECT_OBJC_ISA_USAGE = YES_ERROR;
				CLANG_WARN_EMPTY_BODY = YES;
				CLANG_WARN_ENUM_CONVERSION = YES;
				CLANG_WARN_INT_CONVERSION = YES;
				CLANG_WARN_OBJC_ROOT_CLASS = YES_ERROR;
				CLANG_WARN_UNREACHABLE_CODE = YES;
				CLANG_WARN__DUPLICATE_METHOD_MATCH = YES;
				"CODE_SIGN_IDENTITY[sdk=iphoneos*]" = "iPhone Developer";
				COPY_PHASE_STRIP = NO;
				DEBUG_INFORMATION_FORMAT = "dwarf-with-dsym";
				ENABLE_NS_ASSERTIONS = NO;
				ENABLE_STRICT_OBJC_MSGSEND = YES;
				GCC_C_LANGUAGE_STANDARD = gnu99;
				GCC_NO_COMMON_BLOCKS = YES;
				GCC_WARN_64_TO_32_BIT_CONVERSION = YES;
				GCC_WARN_ABOUT_RETURN_TYPE = YES_ERROR;
				GCC_WARN_UNDECLARED_SELECTOR = YES;
				GCC_WARN_UNINITIALIZED_AUTOS = YES_AGGRESSIVE;
				GCC_WARN_UNUSED_FUNCTION = YES;
				GCC_WARN_UNUSED_VARIABLE = YES;
				IPHONEOS_DEPLOYMENT_TARGET = 9.3;
				MTL_ENABLE_DEBUG_INFO = NO;
				SDKROOT = iphoneos;
				TARGETED_DEVICE_FAMILY = "1,2";
				VALIDATE_PRODUCT = YES;
			};
			name = Release;
		};
		DD93C16F1D612149008A72BC /* Debug */ = {
			isa = XCBuildConfiguration;
			buildSettings = {
				ASSETCATALOG_COMPILER_APPICON_NAME = AppIcon;
				INFOPLIST_FILE = JLPartialModalTransition/Info.plist;
				LD_RUNPATH_SEARCH_PATHS = "$(inherited) @executable_path/Frameworks";
				PRODUCT_BUNDLE_IDENTIFIER = com.jonasluebbers.JLPartialModalTransition;
				PRODUCT_NAME = "$(TARGET_NAME)";
			};
			name = Debug;
		};
		DD93C1701D612149008A72BC /* Release */ = {
			isa = XCBuildConfiguration;
			buildSettings = {
				ASSETCATALOG_COMPILER_APPICON_NAME = AppIcon;
				INFOPLIST_FILE = JLPartialModalTransition/Info.plist;
				LD_RUNPATH_SEARCH_PATHS = "$(inherited) @executable_path/Frameworks";
				PRODUCT_BUNDLE_IDENTIFIER = com.jonasluebbers.JLPartialModalTransition;
				PRODUCT_NAME = "$(TARGET_NAME)";
			};
			name = Release;
		};
/* End XCBuildConfiguration section */

/* Begin XCConfigurationList section */
		DD93C1571D612149008A72BC /* Build configuration list for PBXProject "JLPartialModalTransition" */ = {
			isa = XCConfigurationList;
			buildConfigurations = (
				DD93C16C1D612149008A72BC /* Debug */,
				DD93C16D1D612149008A72BC /* Release */,
			);
			defaultConfigurationIsVisible = 0;
			defaultConfigurationName = Release;
		};
		DD93C16E1D612149008A72BC /* Build configuration list for PBXNativeTarget "JLPartialModalTransition" */ = {
			isa = XCConfigurationList;
			buildConfigurations = (
				DD93C16F1D612149008A72BC /* Debug */,
				DD93C1701D612149008A72BC /* Release */,
			);
			defaultConfigurationIsVisible = 0;
			defaultConfigurationName = Release;
		};
/* End XCConfigurationList section */
	};
	rootObject = DD93C1541D612149008A72BC /* Project object */;
}
